
Microsoft Visual Studio Solution File, Format Version 12.00
# Visual Studio 15
VisualStudioVersion = 15.0.27130.2020
MinimumVisualStudioVersion = 10.0.40219.1
Project("{8BC9CEB8-8B4A-11D0-8D11-00A0C91BC942}") = "HelloSFML2", "HelloSFML2\HelloSFML2.vcxproj", "{CFEF427A-1C75-4EE1-B245-441D770C9BEF}"
EndProject
Global
	GlobalSection(SolutionConfigurationPlatforms) = preSolution
		Debug|x64 = Debug|x64
		Debug|x86 = Debug|x86
		Release|x64 = Release|x64
		Release|x86 = Release|x86
	EndGlobalSection
	GlobalSection(ProjectConfigurationPlatforms) = postSolution
		{CFEF427A-1C75-4EE1-B245-441D770C9BEF}.Debug|x64.ActiveCfg = Debug|x64
		{CFEF427A-1C75-4EE1-B245-441D770C9BEF}.Debug|x64.Build.0 = Debug|x64
		{CFEF427A-1C75-4EE1-B245-441D770C9BEF}.Debug|x86.ActiveCfg = Debug|Win32
		{CFEF427A-1C75-4EE1-B245-441D770C9BEF}.Debug|x86.Build.0 = Debug|Win32
		{CFEF427A-1C75-4EE1-B245-441D770C9BEF}.Release|x64.ActiveCfg = Release|x64
		{CFEF427A-1C75-4EE1-B245-441D770C9BEF}.Release|x64.Build.0 = Release|x64
		{CFEF427A-1C75-4EE1-B245-441D770C9BEF}.Release|x86.ActiveCfg = Release|Win32
		{CFEF427A-1C75-4EE1-B245-441D770C9BEF}.Release|x86.Build.0 = Release|Win32
	EndGlobalSection
	GlobalSection(SolutionProperties) = preSolution
		HideSolutionNode = FALSE
	EndGlobalSection
	GlobalSection(ExtensibilityGlobals) = postSolution
		SolutionGuid = {8E91E5A7-E033-44D0-99B8-3CE61FE5E229}
	EndGlobalSection
EndGlobal
